
Microsoft Visual Studio Solution File, Format Version 12.00
# Visual Studio Version 16
VisualStudioVersion = 16.0.29728.190
MinimumVisualStudioVersion = 10.0.40219.1
Project("{9A19103F-16F7-4668-BE54-9A1E7A4F7556}") = "Rokono Control", "Rokono Control.csproj", "{D1BD0A7B-965A-43A3-BABD-F27030E69FAF}"
EndProject
Global
	GlobalSection(SolutionConfigurationPlatforms) = preSolution
		Debug|Any CPU = Debug|Any CPU
		Release|Any CPU = Release|Any CPU
	EndGlobalSection
	GlobalSection(ProjectConfigurationPlatforms) = postSolution
		{D1BD0A7B-965A-43A3-BABD-F27030E69FAF}.Debug|Any CPU.ActiveCfg = Debug|Any CPU
		{D1BD0A7B-965A-43A3-BABD-F27030E69FAF}.Debug|Any CPU.Build.0 = Debug|Any CPU
		{D1BD0A7B-965A-43A3-BABD-F27030E69FAF}.Release|Any CPU.ActiveCfg = Release|Any CPU
		{D1BD0A7B-965A-43A3-BABD-F27030E69FAF}.Release|Any CPU.Build.0 = Release|Any CPU
	EndGlobalSection
	GlobalSection(SolutionProperties) = preSolution
		HideSolutionNode = FALSE
	EndGlobalSection
	GlobalSection(ExtensibilityGlobals) = postSolution
		SolutionGuid = {4A1FE226-0896-4A4E-A9C0-0B95DB17A8D3}
	EndGlobalSection
EndGlobal
